# This file is automatically @generated by Wally.
# It is not intended for manual editing.
registry = "test"

[[package]]
name = "brittonfischer/replicaservice"
version = "0.1.0"
dependencies = []

[[package]]
name = "cherri/emberfalle"
version = "0.1.0"
dependencies = [["react", "jsdotlua/react@17.1.0"], ["react-roblox", "jsdotlua/react-roblox@17.1.0"], ["react-spring", "chriscerie/react-spring@2.0.0"], ["red", "red-blox/red@2.3.2"], ["replicacontroller", "etheroit/replicacontroller@1.0.0"], ["table-util", "sleitnick/table-util@1.2.1"], ["profileservice", "grilme99/profileservice@1.0.0"], ["replicaservice", "brittonfischer/replicaservice@0.1.0"]]

[[package]]
name = "chriscerie/react-spring"
version = "2.0.0"
dependencies = [["Promise", "evaera/promise@4.0.0"], ["React", "jsdotlua/react@17.1.0"], ["ReactRoblox", "jsdotlua/react-roblox@17.1.0"], ["TestEZ", "roblox/testez@0.4.1"]]

[[package]]
name = "etheroit/replicacontroller"
version = "1.0.0"
dependencies = []

[[package]]
name = "evaera/promise"
version = "4.0.0"
dependencies = []

[[package]]
name = "grilme99/profileservice"
version = "1.0.0"
dependencies = []

[[package]]
name = "jsdotlua/boolean"
version = "1.2.6"
dependencies = [["number", "jsdotlua/number@1.2.6"]]

[[package]]
name = "jsdotlua/collections"
version = "1.2.6"
dependencies = [["es7-types", "jsdotlua/es7-types@1.2.6"], ["instance-of", "jsdotlua/instance-of@1.2.6"]]

[[package]]
name = "jsdotlua/console"
version = "1.2.6"
dependencies = [["collections", "jsdotlua/collections@1.2.6"]]

[[package]]
name = "jsdotlua/es7-types"
version = "1.2.6"
dependencies = []

[[package]]
name = "jsdotlua/instance-of"
version = "1.2.6"
dependencies = []

[[package]]
name = "jsdotlua/luau-polyfill"
version = "1.2.6"
dependencies = [["boolean", "jsdotlua/boolean@1.2.6"], ["collections", "jsdotlua/collections@1.2.6"], ["console", "jsdotlua/console@1.2.6"], ["es7-types", "jsdotlua/es7-types@1.2.6"], ["instance-of", "jsdotlua/instance-of@1.2.6"], ["math", "jsdotlua/math@1.2.6"], ["number", "jsdotlua/number@1.2.6"], ["string", "jsdotlua/string@1.2.6"], ["symbol-luau", "jsdotlua/symbol-luau@1.0.1"], ["timers", "jsdotlua/timers@1.2.6"]]

[[package]]
name = "jsdotlua/math"
version = "1.2.6"
dependencies = []

[[package]]
name = "jsdotlua/number"
version = "1.2.6"
dependencies = []

[[package]]
name = "jsdotlua/promise"
version = "3.5.2"
dependencies = []

[[package]]
name = "jsdotlua/react"
version = "17.1.0"
dependencies = [["luau-polyfill", "jsdotlua/luau-polyfill@1.2.6"], ["shared", "jsdotlua/shared@17.1.0"]]

[[package]]
name = "jsdotlua/react-reconciler"
version = "17.1.0"
dependencies = [["luau-polyfill", "jsdotlua/luau-polyfill@1.2.6"], ["promise", "jsdotlua/promise@3.5.2"], ["react", "jsdotlua/react@17.1.0"], ["scheduler", "jsdotlua/scheduler@17.1.0"], ["shared", "jsdotlua/shared@17.1.0"]]

[[package]]
name = "jsdotlua/react-roblox"
version = "17.1.0"
dependencies = [["luau-polyfill", "jsdotlua/luau-polyfill@1.2.6"], ["react", "jsdotlua/react@17.1.0"], ["react-reconciler", "jsdotlua/react-reconciler@17.1.0"], ["scheduler", "jsdotlua/scheduler@17.1.0"], ["shared", "jsdotlua/shared@17.1.0"]]

[[package]]
name = "jsdotlua/scheduler"
version = "17.1.0"
dependencies = [["luau-polyfill", "jsdotlua/luau-polyfill@1.2.6"], ["shared", "jsdotlua/shared@17.1.0"]]

[[package]]
name = "jsdotlua/shared"
version = "17.1.0"
dependencies = [["luau-polyfill", "jsdotlua/luau-polyfill@1.2.6"]]

[[package]]
name = "jsdotlua/string"
version = "1.2.6"
dependencies = [["es7-types", "jsdotlua/es7-types@1.2.6"], ["number", "jsdotlua/number@1.2.6"]]

[[package]]
name = "jsdotlua/symbol-luau"
version = "1.0.1"
dependencies = []

[[package]]
name = "jsdotlua/timers"
version = "1.2.6"
dependencies = [["collections", "jsdotlua/collections@1.2.6"]]

[[package]]
name = "red-blox/future"
version = "1.0.1"
dependencies = [["Spawn", "red-blox/spawn@1.1.0"]]

[[package]]
name = "red-blox/guard"
version = "1.0.1"
dependencies = []

[[package]]
name = "red-blox/red"
version = "2.3.2"
dependencies = [["Future", "red-blox/future@1.0.1"], ["Guard", "red-blox/guard@1.0.1"], ["Signal", "red-blox/signal@2.0.2"], ["Spawn", "red-blox/spawn@1.1.0"]]

[[package]]
name = "red-blox/signal"
version = "2.0.2"
dependencies = [["Spawn", "red-blox/spawn@1.1.0"]]

[[package]]
name = "red-blox/spawn"
version = "1.1.0"
dependencies = []

[[package]]
name = "roblox/testez"
version = "0.4.1"
dependencies = []

[[package]]
name = "sleitnick/table-util"
version = "1.2.1"
dependencies = []
